
Microsoft Visual Studio Solution File, Format Version 12.00
# Visual Studio 14
VisualStudioVersion = 14.0.25420.1
MinimumVisualStudioVersion = 10.0.40219.1
Project("{E24C65DC-7377-472B-9ABA-BC803B73C61A}") = "http://www.cooperstownstay.local", "http://www.cooperstownstay.local", "{FF09C3A1-4F9F-49A7-8101-0910B3268A3A}"
	ProjectSection(WebsiteProperties) = preProject
		UseIISExpress = "false"
		TargetFrameworkMoniker = ".NETFramework,Version%3Dv4.0"
		Debug.AspNetCompiler.VirtualPath = "/www.cooperstownstay.local"
		Debug.AspNetCompiler.PhysicalPath = "E:\Development\CooperstownStay\Websites\CstayMain\"
		Debug.AspNetCompiler.TargetPath = "PrecompiledWeb\www.cooperstownstay.local\"
		Debug.AspNetCompiler.Updateable = "true"
		Debug.AspNetCompiler.ForceOverwrite = "true"
		Debug.AspNetCompiler.FixedNames = "false"
		Debug.AspNetCompiler.Debug = "True"
		Release.AspNetCompiler.VirtualPath = "/www.cooperstownstay.local"
		Release.AspNetCompiler.PhysicalPath = "E:\Development\CooperstownStay\Websites\CstayMain\"
		Release.AspNetCompiler.TargetPath = "PrecompiledWeb\www.cooperstownstay.local\"
		Release.AspNetCompiler.Updateable = "true"
		Release.AspNetCompiler.ForceOverwrite = "true"
		Release.AspNetCompiler.FixedNames = "false"
		Release.AspNetCompiler.Debug = "False"
		SlnRelativePath = "E:\Development\CooperstownStay\Websites\CstayMain\"
	EndProjectSection
EndProject
Global
	GlobalSection(SolutionConfigurationPlatforms) = preSolution
		Debug|Any CPU = Debug|Any CPU
	EndGlobalSection
	GlobalSection(ProjectConfigurationPlatforms) = postSolution
		{FF09C3A1-4F9F-49A7-8101-0910B3268A3A}.Debug|Any CPU.ActiveCfg = Debug|Any CPU
		{FF09C3A1-4F9F-49A7-8101-0910B3268A3A}.Debug|Any CPU.Build.0 = Debug|Any CPU
	EndGlobalSection
	GlobalSection(SolutionProperties) = preSolution
		HideSolutionNode = FALSE
	EndGlobalSection
EndGlobal
